
Microsoft Visual Studio Solution File, Format Version 12.00
# Visual Studio Version 16
VisualStudioVersion = 16.0.30011.22
MinimumVisualStudioVersion = 10.0.40219.1
Project("{8BC9CEB8-8B4A-11D0-8D11-00A0C91BC942}") = "MyWindow", "MyWindow.vcxproj", "{0CEC6A9B-6AB9-4834-A648-BC670AB6F59F}"
EndProject
Global
	GlobalSection(SolutionConfigurationPlatforms) = preSolution
		Debug|x64 = Debug|x64
		Debug|x86 = Debug|x86
		Release|x64 = Release|x64
		Release|x86 = Release|x86
	EndGlobalSection
	GlobalSection(ProjectConfigurationPlatforms) = postSolution
		{0CEC6A9B-6AB9-4834-A648-BC670AB6F59F}.Debug|x64.ActiveCfg = Debug|x64
		{0CEC6A9B-6AB9-4834-A648-BC670AB6F59F}.Debug|x64.Build.0 = Debug|x64
		{0CEC6A9B-6AB9-4834-A648-BC670AB6F59F}.Debug|x86.ActiveCfg = Debug|Win32
		{0CEC6A9B-6AB9-4834-A648-BC670AB6F59F}.Debug|x86.Build.0 = Debug|Win32
		{0CEC6A9B-6AB9-4834-A648-BC670AB6F59F}.Release|x64.ActiveCfg = Release|x64
		{0CEC6A9B-6AB9-4834-A648-BC670AB6F59F}.Release|x64.Build.0 = Release|x64
		{0CEC6A9B-6AB9-4834-A648-BC670AB6F59F}.Release|x86.ActiveCfg = Release|Win32
		{0CEC6A9B-6AB9-4834-A648-BC670AB6F59F}.Release|x86.Build.0 = Release|Win32
	EndGlobalSection
	GlobalSection(SolutionProperties) = preSolution
		HideSolutionNode = FALSE
	EndGlobalSection
	GlobalSection(ExtensibilityGlobals) = postSolution
		SolutionGuid = {CF3859BE-7135-48B0-A311-1ACD9A4D5F4E}
	EndGlobalSection
EndGlobal
